
Microsoft Visual Studio Solution File, Format Version 12.00
# Visual Studio Version 16
VisualStudioVersion = 16.0.31515.178
MinimumVisualStudioVersion = 10.0.40219.1
Project("{FAE04EC0-301F-11D3-BF4B-00C04F79EFBC}") = "GUI", "WorldArtSale\GUI.csproj", "{207A71C1-5029-414F-9B4A-792932C85A85}"
EndProject
Global
	GlobalSection(SolutionConfigurationPlatforms) = preSolution
		Debug|Any CPU = Debug|Any CPU
		Release|Any CPU = Release|Any CPU
	EndGlobalSection
	GlobalSection(ProjectConfigurationPlatforms) = postSolution
		{207A71C1-5029-414F-9B4A-792932C85A85}.Debug|Any CPU.ActiveCfg = Debug|Any CPU
		{207A71C1-5029-414F-9B4A-792932C85A85}.Debug|Any CPU.Build.0 = Debug|Any CPU
		{207A71C1-5029-414F-9B4A-792932C85A85}.Release|Any CPU.ActiveCfg = Release|Any CPU
		{207A71C1-5029-414F-9B4A-792932C85A85}.Release|Any CPU.Build.0 = Release|Any CPU
	EndGlobalSection
	GlobalSection(SolutionProperties) = preSolution
		HideSolutionNode = FALSE
	EndGlobalSection
	GlobalSection(ExtensibilityGlobals) = postSolution
		SolutionGuid = {59486A30-AB15-42C4-89C5-1EE2661C0B8A}
	EndGlobalSection
EndGlobal
